
Microsoft Visual Studio Solution File, Format Version 12.00
# Visual Studio Version 16
VisualStudioVersion = 16.0.30711.63
MinimumVisualStudioVersion = 10.0.40219.1
Project("{FAE04EC0-301F-11D3-BF4B-00C04F79EFBC}") = "Abstract-Factory_CSharp", "Abstract-Factory_CSharp\Abstract-Factory_CSharp.csproj", "{19D96FA1-46E2-4FE8-8533-7A41F8FFDD22}"
EndProject
Global
	GlobalSection(SolutionConfigurationPlatforms) = preSolution
		Debug|Any CPU = Debug|Any CPU
		Release|Any CPU = Release|Any CPU
	EndGlobalSection
	GlobalSection(ProjectConfigurationPlatforms) = postSolution
		{19D96FA1-46E2-4FE8-8533-7A41F8FFDD22}.Debug|Any CPU.ActiveCfg = Debug|Any CPU
		{19D96FA1-46E2-4FE8-8533-7A41F8FFDD22}.Debug|Any CPU.Build.0 = Debug|Any CPU
		{19D96FA1-46E2-4FE8-8533-7A41F8FFDD22}.Release|Any CPU.ActiveCfg = Release|Any CPU
		{19D96FA1-46E2-4FE8-8533-7A41F8FFDD22}.Release|Any CPU.Build.0 = Release|Any CPU
	EndGlobalSection
	GlobalSection(SolutionProperties) = preSolution
		HideSolutionNode = FALSE
	EndGlobalSection
	GlobalSection(ExtensibilityGlobals) = postSolution
		SolutionGuid = {47CBDEC3-3BC6-486D-AA8F-B783882442AD}
	EndGlobalSection
EndGlobal
